
Microsoft Visual Studio Solution File, Format Version 12.00
# Visual Studio Version 16
VisualStudioVersion = 16.0.35425.106
MinimumVisualStudioVersion = 10.0.40219.1
Project("{9A19103F-16F7-4668-BE54-9A1E7A4F7556}") = "5.5_Рекурсивные функции", "5.5_Рекурсивные функции\5.5_Рекурсивные функции.csproj", "{5D0F3C50-116A-49FE-9002-E4E824F43791}"
EndProject
Global
	GlobalSection(SolutionConfigurationPlatforms) = preSolution
		Debug|Any CPU = Debug|Any CPU
		Release|Any CPU = Release|Any CPU
	EndGlobalSection
	GlobalSection(ProjectConfigurationPlatforms) = postSolution
		{5D0F3C50-116A-49FE-9002-E4E824F43791}.Debug|Any CPU.ActiveCfg = Debug|Any CPU
		{5D0F3C50-116A-49FE-9002-E4E824F43791}.Debug|Any CPU.Build.0 = Debug|Any CPU
		{5D0F3C50-116A-49FE-9002-E4E824F43791}.Release|Any CPU.ActiveCfg = Release|Any CPU
		{5D0F3C50-116A-49FE-9002-E4E824F43791}.Release|Any CPU.Build.0 = Release|Any CPU
	EndGlobalSection
	GlobalSection(SolutionProperties) = preSolution
		HideSolutionNode = FALSE
	EndGlobalSection
	GlobalSection(ExtensibilityGlobals) = postSolution
		SolutionGuid = {FD28906C-6A50-4792-8495-51CCE31298FB}
	EndGlobalSection
EndGlobal
